
Microsoft Visual Studio Solution File, Format Version 12.00
# Visual Studio Version 17
VisualStudioVersion = 17.8.34511.84
MinimumVisualStudioVersion = 10.0.40219.1
Project("{8BC9CEB8-8B4A-11D0-8D11-00A0C91BC942}") = "Placement", "Placement.vcxproj", "{60D892BB-A07C-4823-BFFF-0E64A5BFBEF5}"
EndProject
Global
	GlobalSection(SolutionConfigurationPlatforms) = preSolution
		Debug|x64 = Debug|x64
		Debug|x86 = Debug|x86
		Release|x64 = Release|x64
		Release|x86 = Release|x86
	EndGlobalSection
	GlobalSection(ProjectConfigurationPlatforms) = postSolution
		{60D892BB-A07C-4823-BFFF-0E64A5BFBEF5}.Debug|x64.ActiveCfg = Debug|x64
		{60D892BB-A07C-4823-BFFF-0E64A5BFBEF5}.Debug|x64.Build.0 = Debug|x64
		{60D892BB-A07C-4823-BFFF-0E64A5BFBEF5}.Debug|x86.ActiveCfg = Debug|Win32
		{60D892BB-A07C-4823-BFFF-0E64A5BFBEF5}.Debug|x86.Build.0 = Debug|Win32
		{60D892BB-A07C-4823-BFFF-0E64A5BFBEF5}.Release|x64.ActiveCfg = Release|x64
		{60D892BB-A07C-4823-BFFF-0E64A5BFBEF5}.Release|x64.Build.0 = Release|x64
		{60D892BB-A07C-4823-BFFF-0E64A5BFBEF5}.Release|x86.ActiveCfg = Release|Win32
		{60D892BB-A07C-4823-BFFF-0E64A5BFBEF5}.Release|x86.Build.0 = Release|Win32
	EndGlobalSection
	GlobalSection(SolutionProperties) = preSolution
		HideSolutionNode = FALSE
	EndGlobalSection
	GlobalSection(ExtensibilityGlobals) = postSolution
		SolutionGuid = {9209DEEF-12D3-4F84-9009-4451A30FE6DF}
	EndGlobalSection
EndGlobal
